### YamlMime:TSTypeAlias
name: IMcpUiContentBlock
uid: '@microsoft/teams.api.IMcpUiContentBlock'
package: '@microsoft/teams.api'
summary: >-
  A content block in an MCP UI update-model-context request.

  This reuses the same content union as
  [IMcpUiCallToolResult](xref:@microsoft/teams.api.IMcpUiCallToolResult),

  as defined by the MCP Apps (ext-apps) specification.

   This API is in preview and may change in the future.
  Diagnostic: ExperimentalTeamsHtmlWidget
fullName: IMcpUiContentBlock
remarks: ''
isDeprecated: false
syntax: |
  type IMcpUiContentBlock = IMcpUiCallToolResultContent
