### YamlMime:TSType
name: CodeBlock
uid: '@microsoft/teams.cards.CodeBlock'
package: '@microsoft/teams.cards'
summary: Displays a block of code with syntax highlighting
fullName: CodeBlock
remarks: ''
isDeprecated: false
type: class
constructors:
  - name: CodeBlock(CodeBlockOptions)
    uid: '@microsoft/teams.cards.CodeBlock.constructor'
    package: '@microsoft/teams.cards'
    summary: ''
    remarks: ''
    isDeprecated: false
    syntax:
      content: 'new CodeBlock(options?: CodeBlockOptions)'
      parameters:
        - id: options
          type: <xref uid="@microsoft/teams.cards.CodeBlockOptions" />
          description: ''
properties:
  - name: codeSnippet
    uid: '@microsoft/teams.cards.CodeBlock.codeSnippet'
    package: '@microsoft/teams.cards'
    summary: code to display/highlight.
    fullName: codeSnippet
    remarks: ''
    isDeprecated: false
    syntax:
      content: 'codeSnippet?: string'
      return:
        description: ''
        type: string
  - name: language
    uid: '@microsoft/teams.cards.CodeBlock.language'
    package: '@microsoft/teams.cards'
    summary: which programming language to use.
    fullName: language
    remarks: ''
    isDeprecated: false
    syntax:
      content: 'language?: CodeLanguage'
      return:
        description: ''
        type: <xref uid="@microsoft/teams.cards.CodeLanguage" />
  - name: startLineNumber
    uid: '@microsoft/teams.cards.CodeBlock.startLineNumber'
    package: '@microsoft/teams.cards'
    summary: which line number to display on the first line.
    fullName: startLineNumber
    remarks: ''
    isDeprecated: false
    syntax:
      content: 'startLineNumber?: number'
      return:
        description: ''
        type: number
  - name: type
    uid: '@microsoft/teams.cards.CodeBlock.type'
    package: '@microsoft/teams.cards'
    summary: ''
    fullName: type
    remarks: ''
    isDeprecated: false
    syntax:
      content: 'type: "CodeBlock"'
      return:
        description: ''
        type: '"CodeBlock"'
inheritedProperties:
  - name: fallback
    uid: '@microsoft/teams.cards.CodeBlock.fallback'
    package: '@microsoft/teams.cards'
    summary: >-
      Describes what to do when an unknown item is encountered or the requires
      of this or any children can't be met.
    fullName: fallback
    remarks: ''
    isDeprecated: false
    syntax:
      content: 'fallback?: Element$1 | "drop" | Omit<string, "drop">'
      return:
        description: ''
        type: >-
          <xref uid="@microsoft/teams.cards.Element" /> | "drop" |
          Omit&lt;string, "drop"&gt;
    inheritanceDescription: <b>Inherited From</b> Element.fallback
  - name: grid.area
    uid: '@microsoft/teams.cards.CodeBlock.grid.area'
    package: '@microsoft/teams.cards'
    summary: >-
      the area of a `Layout.AreaGrid` layout in which an element should be
      displayed.
    fullName: grid.area
    remarks: ''
    isDeprecated: false
    syntax:
      content: 'grid.area?: string'
      return:
        description: ''
        type: string
    inheritanceDescription: <b>Inherited From</b> Element.grid.area
  - name: height
    uid: '@microsoft/teams.cards.CodeBlock.height'
    package: '@microsoft/teams.cards'
    summary: Specifies the height of the element.
    fullName: height
    remarks: ''
    isDeprecated: false
    syntax:
      content: 'height?: "auto" | "stretch" | Omit<string | number, "auto" | "stretch">'
      return:
        description: ''
        type: '"auto" | "stretch" | Omit&lt;string | number, "auto" | "stretch"&gt;'
    inheritanceDescription: <b>Inherited From</b> Element.height
  - name: horizontalAlignment
    uid: '@microsoft/teams.cards.CodeBlock.horizontalAlignment'
    package: '@microsoft/teams.cards'
    summary: controls how the element should be horizontally aligned.
    fullName: horizontalAlignment
    remarks: ''
    isDeprecated: false
    syntax:
      content: 'horizontalAlignment?: null | HorizontalAlignment'
      return:
        description: ''
        type: null | <xref uid="@microsoft/teams.cards.HorizontalAlignment" />
    inheritanceDescription: <b>Inherited From</b> Element.horizontalAlignment
  - name: id
    uid: '@microsoft/teams.cards.CodeBlock.id'
    package: '@microsoft/teams.cards'
    summary: A unique identifier associated with the item
    fullName: id
    remarks: ''
    isDeprecated: false
    syntax:
      content: 'id?: string'
      return:
        description: ''
        type: string
    inheritanceDescription: <b>Inherited From</b> Element.id
  - name: isVisible
    uid: '@microsoft/teams.cards.CodeBlock.isVisible'
    package: '@microsoft/teams.cards'
    summary: If false, this item will be removed from the visual tree.
    fullName: isVisible
    remarks: ''
    isDeprecated: false
    syntax:
      content: 'isVisible?: boolean'
      return:
        description: ''
        type: boolean
    inheritanceDescription: <b>Inherited From</b> Element.isVisible
  - name: lang
    uid: '@microsoft/teams.cards.CodeBlock.lang'
    package: '@microsoft/teams.cards'
    summary: The locale associated with the element.
    fullName: lang
    remarks: ''
    isDeprecated: false
    syntax:
      content: 'lang?: string'
      return:
        description: ''
        type: string
    inheritanceDescription: <b>Inherited From</b> Element.lang
  - name: requires
    uid: '@microsoft/teams.cards.CodeBlock.requires'
    package: '@microsoft/teams.cards'
    summary: >-
      A series of key/value pairs indicating features that the item requires
      with corresponding minimum version. When a feature is missing or of
      insufficient version, fallback is triggered.
    fullName: requires
    remarks: ''
    isDeprecated: false
    syntax:
      content: 'requires?: Record<string, string>'
      return:
        description: ''
        type: Record&lt;string, string&gt;
    inheritanceDescription: <b>Inherited From</b> Element.requires
  - name: separator
    uid: '@microsoft/teams.cards.CodeBlock.separator'
    package: '@microsoft/teams.cards'
    summary: When `true`, draw a separating line at the top of the element.
    fullName: separator
    remarks: ''
    isDeprecated: false
    syntax:
      content: 'separator?: boolean'
      return:
        description: ''
        type: boolean
    inheritanceDescription: <b>Inherited From</b> Element.separator
  - name: spacing
    uid: '@microsoft/teams.cards.CodeBlock.spacing'
    package: '@microsoft/teams.cards'
    summary: >-
      Controls the amount of spacing between this element and the preceding
      element.
    fullName: spacing
    remarks: ''
    isDeprecated: false
    syntax:
      content: 'spacing?: Spacing'
      return:
        description: ''
        type: <xref uid="@microsoft/teams.cards.Spacing" />
    inheritanceDescription: <b>Inherited From</b> Element.spacing
  - name: targetWidth
    uid: '@microsoft/teams.cards.CodeBlock.targetWidth'
    package: '@microsoft/teams.cards'
    summary: >-
      Controls for which card width the element should be displayed. If
      targetWidth isn't specified, the element is rendered at all card widths.
      Using targetWidth makes it possible to author responsive cards that adapt
      their layout to the available horizontal space.
    fullName: targetWidth
    remarks: ''
    isDeprecated: false
    syntax:
      content: 'targetWidth?: TargetWidth'
      return:
        description: ''
        type: <xref uid="@microsoft/teams.cards.TargetWidth" />
    inheritanceDescription: <b>Inherited From</b> Element.targetWidth
inheritedMethods:
  - name: withFallback(Element$1 | "drop" | Omit<string, "drop">)
    uid: '@microsoft/teams.cards.CodeBlock.withFallback'
    package: '@microsoft/teams.cards'
    summary: ''
    remarks: ''
    isDeprecated: false
    syntax:
      content: >-
        function withFallback(value: Element$1 | "drop" | Omit<string, "drop">):
        CodeBlock
      parameters:
        - id: value
          type: >-
            <xref uid="@microsoft/teams.cards.Element" /> | "drop" |
            Omit&lt;string, "drop"&gt;
          description: ''
      return:
        description: ''
        type: <xref uid="@microsoft/teams.cards.CodeBlock" />
    inheritanceDescription: <b>Inherited From</b> Element.withFallback
  - name: withGridArea(string)
    uid: '@microsoft/teams.cards.CodeBlock.withGridArea'
    package: '@microsoft/teams.cards'
    summary: ''
    remarks: ''
    isDeprecated: false
    syntax:
      content: 'function withGridArea(value: string)'
      parameters:
        - id: value
          type: string
          description: ''
    inheritanceDescription: <b>Inherited From</b> Element.withGridArea
  - name: withHeight("auto" | "stretch" | Omit<string | number, "auto" | "stretch">)
    uid: '@microsoft/teams.cards.CodeBlock.withHeight'
    package: '@microsoft/teams.cards'
    summary: ''
    remarks: ''
    isDeprecated: false
    syntax:
      content: >-
        function withHeight(value: "auto" | "stretch" | Omit<string | number,
        "auto" | "stretch">): CodeBlock
      parameters:
        - id: value
          type: '"auto" | "stretch" | Omit&lt;string | number, "auto" | "stretch"&gt;'
          description: ''
      return:
        description: ''
        type: <xref uid="@microsoft/teams.cards.CodeBlock" />
    inheritanceDescription: <b>Inherited From</b> Element.withHeight
  - name: withHorizontalAlignment(HorizontalAlignment)
    uid: '@microsoft/teams.cards.CodeBlock.withHorizontalAlignment'
    package: '@microsoft/teams.cards'
    summary: ''
    remarks: ''
    isDeprecated: false
    syntax:
      content: 'function withHorizontalAlignment(value: HorizontalAlignment): CodeBlock'
      parameters:
        - id: value
          type: <xref uid="@microsoft/teams.cards.HorizontalAlignment" />
          description: ''
      return:
        description: ''
        type: <xref uid="@microsoft/teams.cards.CodeBlock" />
    inheritanceDescription: <b>Inherited From</b> Element.withHorizontalAlignment
  - name: withId(string)
    uid: '@microsoft/teams.cards.CodeBlock.withId'
    package: '@microsoft/teams.cards'
    summary: ''
    remarks: ''
    isDeprecated: false
    syntax:
      content: 'function withId(value: string): CodeBlock'
      parameters:
        - id: value
          type: string
          description: ''
      return:
        description: ''
        type: <xref uid="@microsoft/teams.cards.CodeBlock" />
    inheritanceDescription: <b>Inherited From</b> Element.withId
  - name: withIsVisible(boolean)
    uid: '@microsoft/teams.cards.CodeBlock.withIsVisible'
    package: '@microsoft/teams.cards'
    summary: ''
    remarks: ''
    isDeprecated: false
    syntax:
      content: 'function withIsVisible(value: boolean): CodeBlock'
      parameters:
        - id: value
          type: boolean
          description: ''
      return:
        description: ''
        type: <xref uid="@microsoft/teams.cards.CodeBlock" />
    inheritanceDescription: <b>Inherited From</b> Element.withIsVisible
  - name: withLang(string)
    uid: '@microsoft/teams.cards.CodeBlock.withLang'
    package: '@microsoft/teams.cards'
    summary: ''
    remarks: ''
    isDeprecated: false
    syntax:
      content: 'function withLang(value: string): CodeBlock'
      parameters:
        - id: value
          type: string
          description: ''
      return:
        description: ''
        type: <xref uid="@microsoft/teams.cards.CodeBlock" />
    inheritanceDescription: <b>Inherited From</b> Element.withLang
  - name: withRequire(string, string)
    uid: '@microsoft/teams.cards.CodeBlock.withRequire'
    package: '@microsoft/teams.cards'
    summary: ''
    remarks: ''
    isDeprecated: false
    syntax:
      content: 'function withRequire(key: string, value: string): CodeBlock'
      parameters:
        - id: key
          type: string
          description: ''
        - id: value
          type: string
          description: ''
      return:
        description: ''
        type: <xref uid="@microsoft/teams.cards.CodeBlock" />
    inheritanceDescription: <b>Inherited From</b> Element.withRequire
  - name: withRequires(Record<string, string>)
    uid: '@microsoft/teams.cards.CodeBlock.withRequires'
    package: '@microsoft/teams.cards'
    summary: ''
    remarks: ''
    isDeprecated: false
    syntax:
      content: 'function withRequires(value: Record<string, string>): CodeBlock'
      parameters:
        - id: value
          type: Record&lt;string, string&gt;
          description: ''
      return:
        description: ''
        type: <xref uid="@microsoft/teams.cards.CodeBlock" />
    inheritanceDescription: <b>Inherited From</b> Element.withRequires
  - name: withSeperator(boolean)
    uid: '@microsoft/teams.cards.CodeBlock.withSeperator'
    package: '@microsoft/teams.cards'
    summary: ''
    remarks: ''
    isDeprecated: false
    syntax:
      content: 'function withSeperator(value: boolean): CodeBlock'
      parameters:
        - id: value
          type: boolean
          description: ''
      return:
        description: ''
        type: <xref uid="@microsoft/teams.cards.CodeBlock" />
    inheritanceDescription: <b>Inherited From</b> Element.withSeperator
  - name: withSpacing(Spacing)
    uid: '@microsoft/teams.cards.CodeBlock.withSpacing'
    package: '@microsoft/teams.cards'
    summary: ''
    remarks: ''
    isDeprecated: false
    syntax:
      content: 'function withSpacing(value: Spacing): CodeBlock'
      parameters:
        - id: value
          type: <xref uid="@microsoft/teams.cards.Spacing" />
          description: ''
      return:
        description: ''
        type: <xref uid="@microsoft/teams.cards.CodeBlock" />
    inheritanceDescription: <b>Inherited From</b> Element.withSpacing
  - name: withTargetWidth(TargetWidth)
    uid: '@microsoft/teams.cards.CodeBlock.withTargetWidth'
    package: '@microsoft/teams.cards'
    summary: ''
    remarks: ''
    isDeprecated: false
    syntax:
      content: 'function withTargetWidth(value: TargetWidth): CodeBlock'
      parameters:
        - id: value
          type: <xref uid="@microsoft/teams.cards.TargetWidth" />
          description: ''
      return:
        description: ''
        type: <xref uid="@microsoft/teams.cards.CodeBlock" />
    inheritanceDescription: <b>Inherited From</b> Element.withTargetWidth
methods:
  - name: from(CodeBlockOptions)
    uid: '@microsoft/teams.cards.CodeBlock.from'
    package: '@microsoft/teams.cards'
    summary: ''
    remarks: ''
    isDeprecated: false
    syntax:
      content: 'static function from(options: CodeBlockOptions): CodeBlock'
      parameters:
        - id: options
          type: <xref uid="@microsoft/teams.cards.CodeBlockOptions" />
          description: ''
      return:
        description: ''
        type: <xref uid="@microsoft/teams.cards.CodeBlock" />
  - name: withCode(string)
    uid: '@microsoft/teams.cards.CodeBlock.withCode'
    package: '@microsoft/teams.cards'
    summary: ''
    remarks: ''
    isDeprecated: false
    syntax:
      content: 'function withCode(value: string): CodeBlock'
      parameters:
        - id: value
          type: string
          description: ''
      return:
        description: ''
        type: <xref uid="@microsoft/teams.cards.CodeBlock" />
  - name: withLanguage(CodeLanguage)
    uid: '@microsoft/teams.cards.CodeBlock.withLanguage'
    package: '@microsoft/teams.cards'
    summary: ''
    remarks: ''
    isDeprecated: false
    syntax:
      content: 'function withLanguage(value: CodeLanguage): CodeBlock'
      parameters:
        - id: value
          type: <xref uid="@microsoft/teams.cards.CodeLanguage" />
          description: ''
      return:
        description: ''
        type: <xref uid="@microsoft/teams.cards.CodeBlock" />
  - name: withStartLineNumber(number)
    uid: '@microsoft/teams.cards.CodeBlock.withStartLineNumber'
    package: '@microsoft/teams.cards'
    summary: ''
    remarks: ''
    isDeprecated: false
    syntax:
      content: 'function withStartLineNumber(value: number): CodeBlock'
      parameters:
        - id: value
          type: number
          description: ''
      return:
        description: ''
        type: <xref uid="@microsoft/teams.cards.CodeBlock" />
extends: Element
