### YamlMime:TSType
name: CodeBlock
uid: '@microsoft/teams.cards.CodeBlock'
package: '@microsoft/teams.cards'
summary: A formatted and syntax-colored code block.
fullName: CodeBlock
remarks: ''
isDeprecated: false
type: class
constructors:
  - name: CodeBlock(CodeBlockOptions)
    uid: '@microsoft/teams.cards.CodeBlock.constructor'
    package: '@microsoft/teams.cards'
    summary: ''
    remarks: ''
    isDeprecated: false
    syntax:
      content: 'new CodeBlock(options?: CodeBlockOptions)'
      parameters:
        - id: options
          type: <xref uid="@microsoft/teams.cards.CodeBlockOptions" />
          description: ''
properties:
  - name: codeSnippet
    uid: '@microsoft/teams.cards.CodeBlock.codeSnippet'
    package: '@microsoft/teams.cards'
    summary: The code snippet to display.
    fullName: codeSnippet
    remarks: ''
    isDeprecated: false
    syntax:
      content: 'codeSnippet?: string'
      return:
        description: ''
        type: string
  - name: fallback
    uid: '@microsoft/teams.cards.CodeBlock.fallback'
    package: '@microsoft/teams.cards'
    summary: >-
      An alternate element to render if the type of this one is unsupported or
      if the host application doesn't support all the capabilities specified in
      the requires property.
    fullName: fallback
    remarks: ''
    isDeprecated: false
    syntax:
      content: 'fallback?: FallbackElement'
      return:
        description: ''
        type: <xref uid="@microsoft/teams.cards.FallbackElement" />
  - name: grid.area
    uid: '@microsoft/teams.cards.CodeBlock.grid.area'
    package: '@microsoft/teams.cards'
    summary: >-
      The area of a Layout.AreaGrid layout in which an element should be
      displayed.
    fullName: grid.area
    remarks: ''
    isDeprecated: false
    syntax:
      content: 'grid.area?: string'
      return:
        description: ''
        type: string
  - name: height
    uid: '@microsoft/teams.cards.CodeBlock.height'
    package: '@microsoft/teams.cards'
    summary: >-
      The height of the element. When set to stretch, the element will use the
      remaining vertical space in its container.
    fullName: height
    remarks: ''
    isDeprecated: false
    syntax:
      content: 'height?: ElementHeight'
      return:
        description: ''
        type: <xref uid="@microsoft/teams.cards.ElementHeight" />
  - name: horizontalAlignment
    uid: '@microsoft/teams.cards.CodeBlock.horizontalAlignment'
    package: '@microsoft/teams.cards'
    summary: Controls how the element should be horizontally aligned.
    fullName: horizontalAlignment
    remarks: ''
    isDeprecated: false
    syntax:
      content: 'horizontalAlignment?: HorizontalAlignment'
      return:
        description: ''
        type: <xref uid="@microsoft/teams.cards.HorizontalAlignment" />
  - name: id
    uid: '@microsoft/teams.cards.CodeBlock.id'
    package: '@microsoft/teams.cards'
    summary: >-
      A unique identifier for the element or action. Input elements must have an
      id, otherwise they will not be validated and their values will not be sent
      to the Bot.
    fullName: id
    remarks: ''
    isDeprecated: false
    syntax:
      content: 'id?: string'
      return:
        description: ''
        type: string
  - name: isSortKey
    uid: '@microsoft/teams.cards.CodeBlock.isSortKey'
    package: '@microsoft/teams.cards'
    summary: >-
      Controls whether the element should be used as a sort key by elements that
      allow sorting across a collection of elements.
    fullName: isSortKey
    remarks: ''
    isDeprecated: false
    syntax:
      content: 'isSortKey?: boolean'
      return:
        description: ''
        type: boolean
  - name: isVisible
    uid: '@microsoft/teams.cards.CodeBlock.isVisible'
    package: '@microsoft/teams.cards'
    summary: Controls the visibility of the element.
    fullName: isVisible
    remarks: ''
    isDeprecated: false
    syntax:
      content: 'isVisible?: boolean'
      return:
        description: ''
        type: boolean
  - name: lang
    uid: '@microsoft/teams.cards.CodeBlock.lang'
    package: '@microsoft/teams.cards'
    summary: The locale associated with the element.
    fullName: lang
    remarks: ''
    isDeprecated: false
    syntax:
      content: 'lang?: string'
      return:
        description: ''
        type: string
  - name: language
    uid: '@microsoft/teams.cards.CodeBlock.language'
    package: '@microsoft/teams.cards'
    summary: The language the code snippet is expressed in.
    fullName: language
    remarks: ''
    isDeprecated: false
    syntax:
      content: >-
        language?: "Bash" | "C" | "Cpp" | "CSharp" | "Css" | "Dos" | "Go" |
        "Graphql" | "Html" | "Java" | "JavaScript" | "Json" | "ObjectiveC" |
        "Perl" | "Php" | "PlainText" | "PowerShell" | "Python" | "Sql" |
        "TypeScript" | "VbNet" | "Verilog" | "Vhdl" | "Xml"
      return:
        description: ''
        type: >-
          "Bash" | "C" | "Cpp" | "CSharp" | "Css" | "Dos" | "Go" | "Graphql" |
          "Html" | "Java" | "JavaScript" | "Json" | "ObjectiveC" | "Perl" |
          "Php" | "PlainText" | "PowerShell" | "Python" | "Sql" | "TypeScript" |
          "VbNet" | "Verilog" | "Vhdl" | "Xml"
  - name: requires
    uid: '@microsoft/teams.cards.CodeBlock.requires'
    package: '@microsoft/teams.cards'
    summary: >-
      A list of capabilities the element requires the host application to
      support. If the host application doesn't support at least one of the
      listed capabilities, the element is not rendered (or its fallback is
      rendered if provided).
    fullName: requires
    remarks: ''
    isDeprecated: false
    syntax:
      content: 'requires?: IHostCapabilities'
      return:
        description: ''
        type: <xref uid="@microsoft/teams.cards.IHostCapabilities" />
  - name: separator
    uid: '@microsoft/teams.cards.CodeBlock.separator'
    package: '@microsoft/teams.cards'
    summary: >-
      Controls whether a separator line should be displayed above the element to
      visually separate it from the previous element. No separator will be
      displayed for the first element in a container, even if this property is
      set to true.
    fullName: separator
    remarks: ''
    isDeprecated: false
    syntax:
      content: 'separator?: boolean'
      return:
        description: ''
        type: boolean
  - name: spacing
    uid: '@microsoft/teams.cards.CodeBlock.spacing'
    package: '@microsoft/teams.cards'
    summary: >-
      Controls the amount of space between this element and the previous one. No
      space will be added for the first element in a container.
    fullName: spacing
    remarks: ''
    isDeprecated: false
    syntax:
      content: 'spacing?: Spacing'
      return:
        description: ''
        type: <xref uid="@microsoft/teams.cards.Spacing" />
  - name: startLineNumber
    uid: '@microsoft/teams.cards.CodeBlock.startLineNumber'
    package: '@microsoft/teams.cards'
    summary: >-
      A number that represents the line in the file from where the code snippet
      was extracted.
    fullName: startLineNumber
    remarks: ''
    isDeprecated: false
    syntax:
      content: 'startLineNumber?: number'
      return:
        description: ''
        type: number
  - name: targetWidth
    uid: '@microsoft/teams.cards.CodeBlock.targetWidth'
    package: '@microsoft/teams.cards'
    summary: >-
      Controls for which card width the element should be displayed. If
      targetWidth isn't specified, the element is rendered at all card widths.
      Using targetWidth makes it possible to author responsive cards that adapt
      their layout to the available horizontal space. For more details, see
      [Responsive
      layout](https://adaptivecards.microsoft.com/?topic=responsive-layout).
    fullName: targetWidth
    remarks: ''
    isDeprecated: false
    syntax:
      content: 'targetWidth?: TargetWidth'
      return:
        description: ''
        type: <xref uid="@microsoft/teams.cards.TargetWidth" />
  - name: type
    uid: '@microsoft/teams.cards.CodeBlock.type'
    package: '@microsoft/teams.cards'
    summary: Must be **CodeBlock**.
    fullName: type
    remarks: ''
    isDeprecated: false
    syntax:
      content: 'type: "CodeBlock" = "CodeBlock"'
      return:
        description: ''
        type: '"CodeBlock"'
methods:
  - name: from(Omit<ICodeBlock, "type">)
    uid: '@microsoft/teams.cards.CodeBlock.from'
    package: '@microsoft/teams.cards'
    summary: ''
    remarks: ''
    isDeprecated: false
    syntax:
      content: 'static function from(options: Omit<ICodeBlock, "type">): CodeBlock'
      parameters:
        - id: options
          type: Omit&lt;<xref uid="@microsoft/teams.cards.ICodeBlock" />, "type"&gt;
          description: ''
      return:
        description: ''
        type: <xref uid="@microsoft/teams.cards.CodeBlock" />
  - name: withCodeSnippet(string)
    uid: '@microsoft/teams.cards.CodeBlock.withCodeSnippet'
    package: '@microsoft/teams.cards'
    summary: ''
    remarks: ''
    isDeprecated: false
    syntax:
      content: 'function withCodeSnippet(codeSnippet: string): CodeBlock'
      parameters:
        - id: codeSnippet
          type: string
          description: ''
      return:
        description: ''
        type: <xref uid="@microsoft/teams.cards.CodeBlock" />
  - name: withFallback(FallbackElement)
    uid: '@microsoft/teams.cards.CodeBlock.withFallback'
    package: '@microsoft/teams.cards'
    summary: ''
    remarks: ''
    isDeprecated: false
    syntax:
      content: 'function withFallback(fallback: FallbackElement): CodeBlock'
      parameters:
        - id: fallback
          type: <xref uid="@microsoft/teams.cards.FallbackElement" />
          description: ''
      return:
        description: ''
        type: <xref uid="@microsoft/teams.cards.CodeBlock" />
  - name: withHeight(ElementHeight)
    uid: '@microsoft/teams.cards.CodeBlock.withHeight'
    package: '@microsoft/teams.cards'
    summary: ''
    remarks: ''
    isDeprecated: false
    syntax:
      content: 'function withHeight(height: ElementHeight): CodeBlock'
      parameters:
        - id: height
          type: <xref uid="@microsoft/teams.cards.ElementHeight" />
          description: ''
      return:
        description: ''
        type: <xref uid="@microsoft/teams.cards.CodeBlock" />
  - name: withHorizontalAlignment(HorizontalAlignment)
    uid: '@microsoft/teams.cards.CodeBlock.withHorizontalAlignment'
    package: '@microsoft/teams.cards'
    summary: ''
    remarks: ''
    isDeprecated: false
    syntax:
      content: >-
        function withHorizontalAlignment(horizontalAlignment:
        HorizontalAlignment): CodeBlock
      parameters:
        - id: horizontalAlignment
          type: <xref uid="@microsoft/teams.cards.HorizontalAlignment" />
          description: ''
      return:
        description: ''
        type: <xref uid="@microsoft/teams.cards.CodeBlock" />
  - name: withId(string)
    uid: '@microsoft/teams.cards.CodeBlock.withId'
    package: '@microsoft/teams.cards'
    summary: ''
    remarks: ''
    isDeprecated: false
    syntax:
      content: 'function withId(id: string): CodeBlock'
      parameters:
        - id: id
          type: string
          description: ''
      return:
        description: ''
        type: <xref uid="@microsoft/teams.cards.CodeBlock" />
  - name: withIsSortKey(boolean)
    uid: '@microsoft/teams.cards.CodeBlock.withIsSortKey'
    package: '@microsoft/teams.cards'
    summary: ''
    remarks: ''
    isDeprecated: false
    syntax:
      content: 'function withIsSortKey(isSortKey?: boolean): CodeBlock'
      parameters:
        - id: isSortKey
          type: boolean
          description: ''
      return:
        description: ''
        type: <xref uid="@microsoft/teams.cards.CodeBlock" />
  - name: withIsVisible(boolean)
    uid: '@microsoft/teams.cards.CodeBlock.withIsVisible'
    package: '@microsoft/teams.cards'
    summary: ''
    remarks: ''
    isDeprecated: false
    syntax:
      content: 'function withIsVisible(isVisible?: boolean): CodeBlock'
      parameters:
        - id: isVisible
          type: boolean
          description: ''
      return:
        description: ''
        type: <xref uid="@microsoft/teams.cards.CodeBlock" />
  - name: withLang(string)
    uid: '@microsoft/teams.cards.CodeBlock.withLang'
    package: '@microsoft/teams.cards'
    summary: ''
    remarks: ''
    isDeprecated: false
    syntax:
      content: 'function withLang(lang: string): CodeBlock'
      parameters:
        - id: lang
          type: string
          description: ''
      return:
        description: ''
        type: <xref uid="@microsoft/teams.cards.CodeBlock" />
  - name: >-
      withLanguage("Bash" | "C" | "Cpp" | "CSharp" | "Css" | "Dos" | "Go" |
      "Graphql" | "Html" | "Java" | "JavaScript" | "Json" | "ObjectiveC" |
      "Perl" | "Php" | "PlainText" | "PowerShell" | "Python" | "Sql" |
      "TypeScript" | "VbNet" | "Verilog" | "Vhdl" | "Xml")
    uid: '@microsoft/teams.cards.CodeBlock.withLanguage'
    package: '@microsoft/teams.cards'
    summary: ''
    remarks: ''
    isDeprecated: false
    syntax:
      content: >-
        function withLanguage(language: "Bash" | "C" | "Cpp" | "CSharp" | "Css"
        | "Dos" | "Go" | "Graphql" | "Html" | "Java" | "JavaScript" | "Json" |
        "ObjectiveC" | "Perl" | "Php" | "PlainText" | "PowerShell" | "Python" |
        "Sql" | "TypeScript" | "VbNet" | "Verilog" | "Vhdl" | "Xml"): CodeBlock
      parameters:
        - id: language
          type: >-
            "Bash" | "C" | "Cpp" | "CSharp" | "Css" | "Dos" | "Go" | "Graphql" |
            "Html" | "Java" | "JavaScript" | "Json" | "ObjectiveC" | "Perl" |
            "Php" | "PlainText" | "PowerShell" | "Python" | "Sql" | "TypeScript"
            | "VbNet" | "Verilog" | "Vhdl" | "Xml"
          description: ''
      return:
        description: ''
        type: <xref uid="@microsoft/teams.cards.CodeBlock" />
  - name: withRequires(IHostCapabilities)
    uid: '@microsoft/teams.cards.CodeBlock.withRequires'
    package: '@microsoft/teams.cards'
    summary: ''
    remarks: ''
    isDeprecated: false
    syntax:
      content: 'function withRequires(requires: IHostCapabilities): CodeBlock'
      parameters:
        - id: requires
          type: <xref uid="@microsoft/teams.cards.IHostCapabilities" />
          description: ''
      return:
        description: ''
        type: <xref uid="@microsoft/teams.cards.CodeBlock" />
  - name: withSeparator(boolean)
    uid: '@microsoft/teams.cards.CodeBlock.withSeparator'
    package: '@microsoft/teams.cards'
    summary: ''
    remarks: ''
    isDeprecated: false
    syntax:
      content: 'function withSeparator(separator?: boolean): CodeBlock'
      parameters:
        - id: separator
          type: boolean
          description: ''
      return:
        description: ''
        type: <xref uid="@microsoft/teams.cards.CodeBlock" />
  - name: withSpacing(Spacing)
    uid: '@microsoft/teams.cards.CodeBlock.withSpacing'
    package: '@microsoft/teams.cards'
    summary: ''
    remarks: ''
    isDeprecated: false
    syntax:
      content: 'function withSpacing(spacing: Spacing): CodeBlock'
      parameters:
        - id: spacing
          type: <xref uid="@microsoft/teams.cards.Spacing" />
          description: ''
      return:
        description: ''
        type: <xref uid="@microsoft/teams.cards.CodeBlock" />
  - name: withStartLineNumber(number)
    uid: '@microsoft/teams.cards.CodeBlock.withStartLineNumber'
    package: '@microsoft/teams.cards'
    summary: ''
    remarks: ''
    isDeprecated: false
    syntax:
      content: 'function withStartLineNumber(startLineNumber: number): CodeBlock'
      parameters:
        - id: startLineNumber
          type: number
          description: ''
      return:
        description: ''
        type: <xref uid="@microsoft/teams.cards.CodeBlock" />
  - name: withTargetWidth(TargetWidth)
    uid: '@microsoft/teams.cards.CodeBlock.withTargetWidth'
    package: '@microsoft/teams.cards'
    summary: ''
    remarks: ''
    isDeprecated: false
    syntax:
      content: 'function withTargetWidth(targetWidth: TargetWidth): CodeBlock'
      parameters:
        - id: targetWidth
          type: <xref uid="@microsoft/teams.cards.TargetWidth" />
          description: ''
      return:
        description: ''
        type: <xref uid="@microsoft/teams.cards.CodeBlock" />
